<?xml version="1.0" encoding="utf-8"?>
<Project ToolsVersion="4.0" xmlns="http://schemas.microsoft.com/developer/msbuild/2003">
  <ItemGroup>
    <Filter Include="Source Files">
      <UniqueIdentifier>{4FC737F1-C7A5-4376-A066-2A32D752A2FF}</UniqueIdentifier>
      <Extensions>cpp;c;cc;cxx;def;odl;idl;hpj;bat;asm;asmx</Extensions>
    </Filter>
    <Filter Include="Header Files">
      <UniqueIdentifier>{93995380-89BD-4b04-88EB-625FBE52EBFB}</UniqueIdentifier>
      <Extensions>h;hh;hpp;hxx;hm;inl;inc;xsd</Extensions>
    </Filter>
    <Filter Include="Resource Files">
      <UniqueIdentifier>{67DA6AB6-F800-4c08-8B7A-83BB121AAD01}</UniqueIdentifier>
      <Extensions>rc;ico;cur;bmp;dlg;rc2;rct;bin;rgs;gif;jpg;jpeg;jpe;resx;tiff;tif;png;wav;mfcribbon-ms</Extensions>
    </Filter>
    <Filter Include="Header Files\maths">
      <UniqueIdentifier>{8c0abd5f-d623-48d4-b723-5906326bc10e}</UniqueIdentifier>
    </Filter>
    <Filter Include="Source Files\maths">
      <UniqueIdentifier>{66f20e83-af11-4cee-9f28-c76359b89a85}</UniqueIdentifier>
    </Filter>
    <Filter Include="Header Files\framework">
      <UniqueIdentifier>{22214ba0-e02e-441f-a0c2-5c0055bcffe9}</UniqueIdentifier>
    </Filter>
    <Filter Include="Source Files\framework">
      <UniqueIdentifier>{ff37d0c8-94c1-4230-9776-5daf497c914f}</UniqueIdentifier>
    </Filter>
    <Filter Include="Header Files\devices">
      <UniqueIdentifier>{425b56db-2507-4cb6-8218-ee37beb4628e}</UniqueIdentifier>
    </Filter>
    <Filter Include="Source Files\devices">
      <UniqueIdentifier>{83343936-adc0-4d99-b0c7-6050621d2207}</UniqueIdentifier>
    </Filter>
    <Filter Include="Header Files\framework\updaters">
      <UniqueIdentifier>{0fca86af-01ee-420a-9cac-8d62ba8bf52d}</UniqueIdentifier>
    </Filter>
    <Filter Include="Source Files\framework\updaters">
      <UniqueIdentifier>{92af4f94-6295-4622-a37b-6217ed07c5f8}</UniqueIdentifier>
    </Filter>
    <Filter Include="Header Files\resources">
      <UniqueIdentifier>{7ca76436-b40a-4227-9d54-fe91c080b410}</UniqueIdentifier>
    </Filter>
    <Filter Include="Source Files\resources">
      <UniqueIdentifier>{8f24b0db-4910-42fc-9cce-7e610566ae97}</UniqueIdentifier>
    </Filter>
    <Filter Include="Header Files\helpers">
      <UniqueIdentifier>{6d787865-4d01-4e0f-a1d6-9d691d61628e}</UniqueIdentifier>
    </Filter>
    <Filter Include="Source Files\helpers">
      <UniqueIdentifier>{99584e0c-08b8-440a-ba99-d3de15b23c91}</UniqueIdentifier>
    </Filter>
  </ItemGroup>
  <ItemGroup>
    <ClCompile Include="kosmos.cpp">
      <Filter>Source Files</Filter>
    </ClCompile>
    <ClCompile Include="delta.cpp">
      <Filter>Source Files\maths</Filter>
    </ClCompile>
    <ClCompile Include="colour.cpp">
      <Filter>Source Files\maths</Filter>
    </ClCompile>
    <ClCompile Include="matrix2x2.cpp">
      <Filter>Source Files\maths</Filter>
    </ClCompile>
    <ClCompile Include="vector2.cpp">
      <Filter>Source Files\maths</Filter>
    </ClCompile>
    <ClCompile Include="matrix3x3.cpp">
      <Filter>Source Files\maths</Filter>
    </ClCompile>
    <ClCompile Include="matrix4x4.cpp">
      <Filter>Source Files\maths</Filter>
    </ClCompile>
    <ClCompile Include="quaternion.cpp">
      <Filter>Source Files\maths</Filter>
    </ClCompile>
    <ClCompile Include="vector3.cpp">
      <Filter>Source Files\maths</Filter>
    </ClCompile>
    <ClCompile Include="vector4.cpp">
      <Filter>Source Files\maths</Filter>
    </ClCompile>
    <ClCompile Include="timer.cpp">
      <Filter>Source Files\maths</Filter>
    </ClCompile>
    <ClCompile Include="version.cpp">
      <Filter>Source Files\framework</Filter>
    </ClCompile>
    <ClCompile Include="display.cpp">
      <Filter>Source Files\devices</Filter>
    </ClCompile>
    <ClCompile Include="file.cpp">
      <Filter>Source Files\resources</Filter>
    </ClCompile>
    <ClCompile Include="updaterglfw.cpp">
      <Filter>Source Files\framework\updaters</Filter>
    </ClCompile>
  </ItemGroup>
  <ItemGroup>
    <ClInclude Include="delta.h">
      <Filter>Header Files\maths</Filter>
    </ClInclude>
    <ClInclude Include="maths.h">
      <Filter>Header Files\maths</Filter>
    </ClInclude>
    <ClInclude Include="colour.h">
      <Filter>Header Files\maths</Filter>
    </ClInclude>
    <ClInclude Include="vector2.h">
      <Filter>Header Files\maths</Filter>
    </ClInclude>
    <ClInclude Include="matrix2x2.h">
      <Filter>Header Files\maths</Filter>
    </ClInclude>
    <ClInclude Include="matrix3x3.h">
      <Filter>Header Files\maths</Filter>
    </ClInclude>
    <ClInclude Include="matrix4x4.h">
      <Filter>Header Files\maths</Filter>
    </ClInclude>
    <ClInclude Include="quaternion.h">
      <Filter>Header Files\maths</Filter>
    </ClInclude>
    <ClInclude Include="vector3.h">
      <Filter>Header Files\maths</Filter>
    </ClInclude>
    <ClInclude Include="vector4.h">
      <Filter>Header Files\maths</Filter>
    </ClInclude>
    <ClInclude Include="timer.h">
      <Filter>Header Files\maths</Filter>
    </ClInclude>
    <ClInclude Include="framework.h">
      <Filter>Header Files\framework</Filter>
    </ClInclude>
    <ClInclude Include="updater.h">
      <Filter>Header Files\framework</Filter>
    </ClInclude>
    <ClInclude Include="module.h">
      <Filter>Header Files\framework</Filter>
    </ClInclude>
    <ClInclude Include="extension.h">
      <Filter>Header Files\framework</Filter>
    </ClInclude>
    <ClInclude Include="version.h">
      <Filter>Header Files\framework</Filter>
    </ClInclude>
    <ClInclude Include="display.h">
      <Filter>Header Files\devices</Filter>
    </ClInclude>
    <ClInclude Include="file.h">
      <Filter>Header Files\resources</Filter>
    </ClInclude>
    <ClInclude Include="helperstring.h">
      <Filter>Header Files\helpers</Filter>
    </ClInclude>
    <ClInclude Include="updaterglfw.h">
      <Filter>Header Files\framework\updaters</Filter>
    </ClInclude>
  </ItemGroup>
</Project>