<?xml version="1.0" encoding="utf-8"?>
<Project ToolsVersion="4.0" xmlns="http://schemas.microsoft.com/developer/msbuild/2003">
  <ItemGroup>
    <ClCompile Include="src\main.cpp" />
    <ClCompile Include="src\uis\overlaydebug.cpp" />
    <ClCompile Include="src\instance.cpp" />
    <ClCompile Include="src\managerrender.cpp" />
    <ClCompile Include="src\manageruis.cpp" />
    <ClCompile Include="src\mainplayer.cpp" />
    <ClCompile Include="src\maincamera.cpp" />
    <ClCompile Include="src\uis\overlaymanager.cpp" />
    <ClCompile Include="src\ais\aiplayer.cpp" />
    <ClCompile Include="src\ais\aitaskadventure.cpp" />
    <ClCompile Include="src\ais\aitasksleep.cpp" />
    <ClCompile Include="src\ais\aitasktargetx.cpp" />
    <ClCompile Include="src\ais\aitasklevel.cpp" />
    <ClCompile Include="src\ais\aitaskfade.cpp" />
  </ItemGroup>
  <ItemGroup>
    <ClInclude Include="src\uis\overlaydebug.h" />
    <ClInclude Include="src\instance.h" />
    <ClInclude Include="src\managerrender.h" />
    <ClInclude Include="src\manageruis.h" />
    <ClInclude Include="src\mainplayer.h" />
    <ClInclude Include="src\maincamera.h" />
    <ClInclude Include="src\uis\overlaymanager.h" />
    <ClInclude Include="src\ais\aiplayer.h" />
    <ClInclude Include="src\ais\iaitask.h" />
    <ClInclude Include="src\ais\aitaskadventure.h" />
    <ClInclude Include="src\ais\aitasksleep.h" />
    <ClInclude Include="src\ais\aitasktargetx.h" />
    <ClInclude Include="src\ais\aitasklevel.h" />
    <ClInclude Include="src\ais\aitaskfade.h" />
  </ItemGroup>
</Project>