<?xml version="1.0" encoding="utf-8"?>
<Project ToolsVersion="4.0" xmlns="http://schemas.microsoft.com/developer/msbuild/2003">
  <ItemGroup>
    <Filter Include="Source Files">
      <UniqueIdentifier>{4FC737F1-C7A5-4376-A066-2A32D752A2FF}</UniqueIdentifier>
      <Extensions>cpp;c;cc;cxx;def;odl;idl;hpj;bat;asm;asmx</Extensions>
    </Filter>
    <Filter Include="Header Files">
      <UniqueIdentifier>{93995380-89BD-4b04-88EB-625FBE52EBFB}</UniqueIdentifier>
      <Extensions>h;hh;hpp;hxx;hm;inl;inc;xsd</Extensions>
    </Filter>
    <Filter Include="Resource Files">
      <UniqueIdentifier>{67DA6AB6-F800-4c08-8B7A-83BB121AAD01}</UniqueIdentifier>
      <Extensions>rc;ico;cur;bmp;dlg;rc2;rct;bin;rgs;gif;jpg;jpeg;jpe;resx;tiff;tif;png;wav;mfcribbon-ms</Extensions>
    </Filter>
  </ItemGroup>
  <ItemGroup>
    <ClCompile Include="Sources\devices\display.cpp">
      <Filter>Source Files</Filter>
    </ClCompile>
    <ClCompile Include="Sources\devices\keyboard.cpp">
      <Filter>Source Files</Filter>
    </ClCompile>
    <ClCompile Include="Sources\logger\logger.cpp">
      <Filter>Source Files</Filter>
    </ClCompile>
    <ClCompile Include="Sources\maths\colour.cpp">
      <Filter>Source Files</Filter>
    </ClCompile>
    <ClCompile Include="Sources\maths\delta.cpp">
      <Filter>Source Files</Filter>
    </ClCompile>
    <ClCompile Include="Sources\maths\matrix2x2.cpp">
      <Filter>Source Files</Filter>
    </ClCompile>
    <ClCompile Include="Sources\maths\matrix3x3.cpp">
      <Filter>Source Files</Filter>
    </ClCompile>
    <ClCompile Include="Sources\maths\matrix4x4.cpp">
      <Filter>Source Files</Filter>
    </ClCompile>
    <ClCompile Include="Sources\maths\quaternion.cpp">
      <Filter>Source Files</Filter>
    </ClCompile>
    <ClCompile Include="Sources\maths\timer.cpp">
      <Filter>Source Files</Filter>
    </ClCompile>
    <ClCompile Include="Sources\maths\vector2.cpp">
      <Filter>Source Files</Filter>
    </ClCompile>
    <ClCompile Include="Sources\maths\vector3.cpp">
      <Filter>Source Files</Filter>
    </ClCompile>
    <ClCompile Include="Sources\maths\vector4.cpp">
      <Filter>Source Files</Filter>
    </ClCompile>
    <ClCompile Include="Sources\devices\mouse.cpp">
      <Filter>Source Files</Filter>
    </ClCompile>
    <ClCompile Include="Sources\devices\joysticks.cpp">
      <Filter>Source Files</Filter>
    </ClCompile>
    <ClCompile Include="Sources\framework\framework.cpp">
      <Filter>Source Files</Filter>
    </ClCompile>
    <ClCompile Include="Sources\devices\audio.cpp">
      <Filter>Source Files</Filter>
    </ClCompile>
    <ClCompile Include="Sources\framework\glfw\glfwupdater.cpp">
      <Filter>Source Files</Filter>
    </ClCompile>
    <ClCompile Include="Sources\camera\camera.cpp">
      <Filter>Source Files</Filter>
    </ClCompile>
    <ClCompile Include="Sources\physics\frustum.cpp">
      <Filter>Source Files</Filter>
    </ClCompile>
    <ClCompile Include="Sources\physics\ray.cpp">
      <Filter>Source Files</Filter>
    </ClCompile>
    <ClCompile Include="Sources\physics\sphere.cpp">
      <Filter>Source Files</Filter>
    </ClCompile>
    <ClCompile Include="Game\main.cpp">
      <Filter>Source Files</Filter>
    </ClCompile>
    <ClCompile Include="Game\maincamera.cpp">
      <Filter>Source Files</Filter>
    </ClCompile>
    <ClCompile Include="Game\mainplayer.cpp">
      <Filter>Source Files</Filter>
    </ClCompile>
    <ClCompile Include="Sources\tasks\tasks.cpp">
      <Filter>Source Files</Filter>
    </ClCompile>
    <ClCompile Include="Sources\processing\opengl\processoropengl.cpp">
      <Filter>Source Files</Filter>
    </ClCompile>
    <ClCompile Include="Sources\processing\resource\processorresource.cpp">
      <Filter>Source Files</Filter>
    </ClCompile>
    <ClCompile Include="Sources\processing\processing.cpp">
      <Filter>Source Files</Filter>
    </ClCompile>
    <ClCompile Include="Sources\visual\interpolation\smoothfloat.cpp">
      <Filter>Source Files</Filter>
    </ClCompile>
    <ClCompile Include="Sources\visual\driverconstant.cpp">
      <Filter>Source Files</Filter>
    </ClCompile>
    <ClCompile Include="Sources\visual\driverlinear.cpp">
      <Filter>Source Files</Filter>
    </ClCompile>
    <ClCompile Include="Sources\visual\driverslide.cpp">
      <Filter>Source Files</Filter>
    </ClCompile>
    <ClCompile Include="Sources\visual\driversinwave.cpp">
      <Filter>Source Files</Filter>
    </ClCompile>
    <ClCompile Include="Sources\visual\driverbounce.cpp">
      <Filter>Source Files</Filter>
    </ClCompile>
    <ClCompile Include="Sources\visual\driverfade.cpp">
      <Filter>Source Files</Filter>
    </ClCompile>
    <ClCompile Include="Sources\events\events.cpp">
      <Filter>Source Files</Filter>
    </ClCompile>
    <ClCompile Include="Sources\resources\file.cpp">
      <Filter>Source Files</Filter>
    </ClCompile>
  </ItemGroup>
  <ItemGroup>
    <ClInclude Include="Sources\devices\display.h">
      <Filter>Header Files</Filter>
    </ClInclude>
    <ClInclude Include="Sources\devices\keyboard.h">
      <Filter>Header Files</Filter>
    </ClInclude>
    <ClInclude Include="Sources\framework\framework.h">
      <Filter>Header Files</Filter>
    </ClInclude>
    <ClInclude Include="Sources\logger\logger.h">
      <Filter>Header Files</Filter>
    </ClInclude>
    <ClInclude Include="Sources\maths\colour.h">
      <Filter>Header Files</Filter>
    </ClInclude>
    <ClInclude Include="Sources\maths\delta.h">
      <Filter>Header Files</Filter>
    </ClInclude>
    <ClInclude Include="Sources\maths\maths.h">
      <Filter>Header Files</Filter>
    </ClInclude>
    <ClInclude Include="Sources\maths\matrix2x2.h">
      <Filter>Header Files</Filter>
    </ClInclude>
    <ClInclude Include="Sources\maths\matrix3x3.h">
      <Filter>Header Files</Filter>
    </ClInclude>
    <ClInclude Include="Sources\maths\matrix4x4.h">
      <Filter>Header Files</Filter>
    </ClInclude>
    <ClInclude Include="Sources\maths\quaternion.h">
      <Filter>Header Files</Filter>
    </ClInclude>
    <ClInclude Include="Sources\maths\timer.h">
      <Filter>Header Files</Filter>
    </ClInclude>
    <ClInclude Include="Sources\maths\vector2.h">
      <Filter>Header Files</Filter>
    </ClInclude>
    <ClInclude Include="Sources\maths\vector3.h">
      <Filter>Header Files</Filter>
    </ClInclude>
    <ClInclude Include="Sources\maths\vector4.h">
      <Filter>Header Files</Filter>
    </ClInclude>
    <ClInclude Include="Sources\flounder.h">
      <Filter>Header Files</Filter>
    </ClInclude>
    <ClInclude Include="Sources\devices\mouse.h">
      <Filter>Header Files</Filter>
    </ClInclude>
    <ClInclude Include="Sources\devices\joysticks.h">
      <Filter>Header Files</Filter>
    </ClInclude>
    <ClInclude Include="Sources\devices\audio.h">
      <Filter>Header Files</Filter>
    </ClInclude>
    <ClInclude Include="Sources\framework\glfw\glfwupdater.h">
      <Filter>Header Files</Filter>
    </ClInclude>
    <ClInclude Include="Sources\inputs\iaxis.h">
      <Filter>Header Files</Filter>
    </ClInclude>
    <ClInclude Include="Sources\inputs\ibutton.h">
      <Filter>Header Files</Filter>
    </ClInclude>
    <ClInclude Include="Sources\inputs\axisjoystick.h">
      <Filter>Header Files</Filter>
    </ClInclude>
    <ClInclude Include="Sources\inputs\buttonjoystick.h">
      <Filter>Header Files</Filter>
    </ClInclude>
    <ClInclude Include="Sources\inputs\buttonmouse.h">
      <Filter>Header Files</Filter>
    </ClInclude>
    <ClInclude Include="Sources\inputs\buttonkeyboard.h">
      <Filter>Header Files</Filter>
    </ClInclude>
    <ClInclude Include="Sources\camera\camera.h">
      <Filter>Header Files</Filter>
    </ClInclude>
    <ClInclude Include="Sources\camera\icamera.h">
      <Filter>Header Files</Filter>
    </ClInclude>
    <ClInclude Include="Sources\camera\iplayer.h">
      <Filter>Header Files</Filter>
    </ClInclude>
    <ClInclude Include="Sources\physics\ray.h">
      <Filter>Header Files</Filter>
    </ClInclude>
    <ClInclude Include="Sources\physics\frustum.h">
      <Filter>Header Files</Filter>
    </ClInclude>
    <ClInclude Include="Sources\helpers\helperarray.h">
      <Filter>Header Files</Filter>
    </ClInclude>
    <ClInclude Include="Sources\physics\intersect.h">
      <Filter>Header Files</Filter>
    </ClInclude>
    <ClInclude Include="Sources\physics\collider.h">
      <Filter>Header Files</Filter>
    </ClInclude>
    <ClInclude Include="Sources\physics\sphere.h">
      <Filter>Header Files</Filter>
    </ClInclude>
    <ClInclude Include="Game\maincamera.h">
      <Filter>Header Files</Filter>
    </ClInclude>
    <ClInclude Include="Game\mainplayer.h">
      <Filter>Header Files</Filter>
    </ClInclude>
    <ClInclude Include="Sources\factory\ifactoryobject.h">
      <Filter>Header Files</Filter>
    </ClInclude>
    <ClInclude Include="Sources\factory\ifactorybuilder.h">
      <Filter>Header Files</Filter>
    </ClInclude>
    <ClInclude Include="Sources\factory\ifactory.h">
      <Filter>Header Files</Filter>
    </ClInclude>
    <ClInclude Include="Sources\tasks\tasks.h">
      <Filter>Header Files</Filter>
    </ClInclude>
    <ClInclude Include="Sources\events\ievent.h">
      <Filter>Header Files</Filter>
    </ClInclude>
    <ClInclude Include="Sources\events\ieventstandard.h">
      <Filter>Header Files</Filter>
    </ClInclude>
    <ClInclude Include="Sources\events\ieventchange.h">
      <Filter>Header Files</Filter>
    </ClInclude>
    <ClInclude Include="Sources\events\ieventtime.h">
      <Filter>Header Files</Filter>
    </ClInclude>
    <ClInclude Include="Sources\processing\iprocessor.h">
      <Filter>Header Files</Filter>
    </ClInclude>
    <ClInclude Include="Sources\processing\irequest.h">
      <Filter>Header Files</Filter>
    </ClInclude>
    <ClInclude Include="Sources\processing\queue.h">
      <Filter>Header Files</Filter>
    </ClInclude>
    <ClInclude Include="Sources\processing\opengl\processoropengl.h">
      <Filter>Header Files</Filter>
    </ClInclude>
    <ClInclude Include="Sources\processing\opengl\requestopengl.h">
      <Filter>Header Files</Filter>
    </ClInclude>
    <ClInclude Include="Sources\processing\resource\requestresource.h">
      <Filter>Header Files</Filter>
    </ClInclude>
    <ClInclude Include="Sources\processing\resource\processorresource.h">
      <Filter>Header Files</Filter>
    </ClInclude>
    <ClInclude Include="Sources\processing\processing.h">
      <Filter>Header Files</Filter>
    </ClInclude>
    <ClInclude Include="Sources\visual\interpolation\smoothfloat.h">
      <Filter>Header Files</Filter>
    </ClInclude>
    <ClInclude Include="Sources\visual\idriver.h">
      <Filter>Header Files</Filter>
    </ClInclude>
    <ClInclude Include="Sources\visual\driverconstant.h">
      <Filter>Header Files</Filter>
    </ClInclude>
    <ClInclude Include="Sources\visual\driverlinear.h">
      <Filter>Header Files</Filter>
    </ClInclude>
    <ClInclude Include="Sources\visual\driverslide.h">
      <Filter>Header Files</Filter>
    </ClInclude>
    <ClInclude Include="Sources\visual\driversinwave.h">
      <Filter>Header Files</Filter>
    </ClInclude>
    <ClInclude Include="Sources\visual\driverbounce.h">
      <Filter>Header Files</Filter>
    </ClInclude>
    <ClInclude Include="Sources\visual\driverfade.h">
      <Filter>Header Files</Filter>
    </ClInclude>
    <ClInclude Include="Sources\events\events.h">
      <Filter>Header Files</Filter>
    </ClInclude>
    <ClInclude Include="Sources\framework\imodule.h">
      <Filter>Header Files</Filter>
    </ClInclude>
    <ClInclude Include="Sources\framework\iupdater.h">
      <Filter>Header Files</Filter>
    </ClInclude>
    <ClInclude Include="Sources\helpers\helperstring.h">
      <Filter>Header Files</Filter>
    </ClInclude>
    <ClInclude Include="Sources\resources\file.h">
      <Filter>Header Files</Filter>
    </ClInclude>
  </ItemGroup>
</Project>