<?xml version="1.0" encoding="utf-8"?>
<Project ToolsVersion="4.0" xmlns="http://schemas.microsoft.com/developer/msbuild/2003">
  <ItemGroup>
    <ClInclude Include="src\uis\OverlayDebug.hpp" />
    <ClInclude Include="src\FpsCamera.hpp" />
    <ClInclude Include="src\FpsPlayer.hpp" />
    <ClInclude Include="src\Instance.hpp" />
    <ClInclude Include="src\ManagerRender.hpp" />
    <ClInclude Include="src\ManagerUis.hpp" />
    <ClInclude Include="src\uis\OverlayPaused.hpp" />
    <ClInclude Include="src\entities\EntityTreePine.hpp" />
    <ClInclude Include="src\entities\EntitySun.hpp" />
    <ClInclude Include="src\entities\EntityTesting.hpp" />
  </ItemGroup>
  <ItemGroup>
    <ClCompile Include="src\uis\OverlayDebug.cpp" />
    <ClCompile Include="src\FpsCamera.cpp" />
    <ClCompile Include="src\FpsPlayer.cpp" />
    <ClCompile Include="src\Instance.cpp" />
    <ClCompile Include="src\Main.cpp" />
    <ClCompile Include="src\ManagerRender.cpp" />
    <ClCompile Include="src\ManagerUis.cpp" />
    <ClCompile Include="src\uis\OverlayPaused.cpp" />
    <ClCompile Include="src\entities\EntityTreePine.cpp" />
    <ClCompile Include="src\entities\EntitySun.cpp" />
    <ClCompile Include="src\entities\EntityTesting.cpp" />
  </ItemGroup>
  <ItemGroup>
    <None Include="res\shaders\deferred\deferred.frag" />
    <None Include="res\shaders\deferred\deferred.frag.spv" />
    <None Include="res\shaders\deferred\deferred.vert" />
    <None Include="res\shaders\deferred\deferred.vert.spv" />
    <None Include="res\shaders\waters\water.frag" />
    <None Include="res\shaders\waters\water.frag.spv" />
    <None Include="res\shaders\waters\water.vert" />
    <None Include="res\shaders\waters\water.vert.spv" />
    <None Include="res\shaders\entities\entity.frag" />
    <None Include="res\shaders\entities\entity.frag.spv" />
    <None Include="res\shaders\entities\entity.vert" />
    <None Include="res\shaders\entities\entity.vert.spv" />
    <None Include="res\shaders\filters\bloom1.frag" />
    <None Include="res\shaders\filters\bloom1.frag.spv" />
    <None Include="res\shaders\filters\bloom2.frag" />
    <None Include="res\shaders\filters\bloom2.frag.spv" />
    <None Include="res\shaders\filters\blurhorizontal.frag" />
    <None Include="res\shaders\filters\blurhorizontal.frag.spv" />
    <None Include="res\shaders\filters\blurvertical.frag" />
    <None Include="res\shaders\filters\blurvertical.frag.spv" />
    <None Include="res\shaders\filters\combine.frag" />
    <None Include="res\shaders\filters\combine.frag.spv" />
    <None Include="res\shaders\filters\crt.frag" />
    <None Include="res\shaders\filters\crt.frag.spv" />
    <None Include="res\shaders\filters\darken.frag" />
    <None Include="res\shaders\filters\darken.frag.spv" />
    <None Include="res\shaders\filters\default.frag" />
    <None Include="res\shaders\filters\default.frag.spv" />
    <None Include="res\shaders\filters\default.vert" />
    <None Include="res\shaders\filters\default.vert.spv" />
    <None Include="res\shaders\filters\emboss.frag" />
    <None Include="res\shaders\filters\emboss.frag.spv" />
    <None Include="res\shaders\filters\fxaa.frag" />
    <None Include="res\shaders\filters\fxaa.frag.spv" />
    <None Include="res\shaders\filters\grain.frag" />
    <None Include="res\shaders\filters\grain.frag.spv" />
    <None Include="res\shaders\filters\grey.frag" />
    <None Include="res\shaders\filters\grey.frag.spv" />
    <None Include="res\shaders\filters\lensflare.frag" />
    <None Include="res\shaders\filters\lensflare.frag.spv" />
    <None Include="res\shaders\filters\motion.frag" />
    <None Include="res\shaders\filters\motion.frag.spv" />
    <None Include="res\shaders\filters\negative.frag" />
    <None Include="res\shaders\filters\negative.frag.spv" />
    <None Include="res\shaders\filters\pixel.frag" />
    <None Include="res\shaders\filters\pixel.frag.spv" />
    <None Include="res\shaders\filters\sepia.frag" />
    <None Include="res\shaders\filters\sepia.frag.spv" />
    <None Include="res\shaders\filters\tiltshift.frag" />
    <None Include="res\shaders\filters\tiltshift.frag.spv" />
    <None Include="res\shaders\filters\tone.frag" />
    <None Include="res\shaders\filters\tone.frag.spv" />
    <None Include="res\shaders\filters\wobble.frag" />
    <None Include="res\shaders\filters\wobble.frag.spv" />
    <None Include="res\shaders\fonts\font.frag" />
    <None Include="res\shaders\fonts\font.frag.spv" />
    <None Include="res\shaders\fonts\font.vert" />
    <None Include="res\shaders\fonts\font.vert.spv" />
    <None Include="res\shaders\guis\gui.frag" />
    <None Include="res\shaders\guis\gui.frag.spv" />
    <None Include="res\shaders\guis\gui.vert" />
    <None Include="res\shaders\guis\gui.vert.spv" />
    <None Include="res\shaders\shadows\shadow.frag" />
    <None Include="res\shaders\shadows\shadow.frag.spv" />
    <None Include="res\shaders\shadows\shadow.vert" />
    <None Include="res\shaders\shadows\shadow.vert.spv" />
    <None Include="res\shaders\skyboxes\skybox.frag" />
    <None Include="res\shaders\skyboxes\skybox.frag.spv" />
    <None Include="res\shaders\skyboxes\skybox.vert" />
    <None Include="res\shaders\skyboxes\skybox.vert.spv" />
    <None Include="res\shaders\terrains\terrain.frag" />
    <None Include="res\shaders\terrains\terrain.frag.spv" />
    <None Include="res\shaders\terrains\terrain.vert" />
    <None Include="res\shaders\terrains\terrain.vert.spv" />
  </ItemGroup>
</Project>