<?xml version="1.0" encoding="utf-8"?>
<Project ToolsVersion="4.0" xmlns="http://schemas.microsoft.com/developer/msbuild/2003">
  <ItemGroup>
    <ClCompile Include="src\Instance.cpp" />
    <ClCompile Include="src\Main.cpp" />
    <ClCompile Include="src\FpsCamera.cpp" />
    <ClCompile Include="src\FpsPlayer.cpp" />
    <ClCompile Include="src\ManagerRender.cpp" />
    <ClCompile Include="src\ManagerUis.cpp" />
    <ClCompile Include="src\uis\OverlayDebug.cpp" />
    <ClCompile Include="src\uis\OverlayManager.cpp" />
  </ItemGroup>
  <ItemGroup>
    <ClInclude Include="src\Instance.hpp" />
    <ClInclude Include="src\FpsCamera.hpp" />
    <ClInclude Include="src\FpsPlayer.hpp" />
    <ClInclude Include="src\entities\EntityTest.hpp" />
    <ClInclude Include="src\ManagerRender.hpp" />
    <ClInclude Include="src\ManagerUis.hpp" />
    <ClInclude Include="src\uis\OverlayDebug.hpp" />
    <ClInclude Include="src\uis\OverlayManager.hpp" />
  </ItemGroup>
  <ItemGroup>
    <Flounder Include="res\shaders\bounding\bounding.frag" />
    <Flounder Include="res\shaders\bounding\bounding.vert" />
    <Flounder Include="res\shaders\deferred\deferred.frag" />
    <Flounder Include="res\shaders\deferred\deferred.vert" />
    <Flounder Include="res\shaders\entities\entity.frag" />
    <Flounder Include="res\shaders\entities\entity.vert" />
    <Flounder Include="res\shaders\filters\bloom1.frag" />
    <Flounder Include="res\shaders\filters\bloom2.frag" />
    <Flounder Include="res\shaders\filters\blurhorizontal.frag" />
    <Flounder Include="res\shaders\filters\blurvertical.frag" />
    <Flounder Include="res\shaders\filters\combine.frag" />
    <Flounder Include="res\shaders\filters\crt.frag" />
    <Flounder Include="res\shaders\filters\darken.frag" />
    <Flounder Include="res\shaders\filters\default.frag" />
    <Flounder Include="res\shaders\filters\default.vert" />
    <Flounder Include="res\shaders\filters\emboss.frag" />
    <Flounder Include="res\shaders\filters\fxaa.frag" />
    <Flounder Include="res\shaders\filters\grain.frag" />
    <Flounder Include="res\shaders\filters\grey.frag" />
    <Flounder Include="res\shaders\filters\lensflare.frag" />
    <Flounder Include="res\shaders\filters\motion.frag" />
    <Flounder Include="res\shaders\filters\negative.frag" />
    <Flounder Include="res\shaders\filters\pixel.frag" />
    <Flounder Include="res\shaders\filters\sepia.frag" />
    <Flounder Include="res\shaders\filters\tiltshift.frag" />
    <Flounder Include="res\shaders\filters\tone.frag" />
    <Flounder Include="res\shaders\filters\wobble.frag" />
    <Flounder Include="res\shaders\fonts\font.frag" />
    <Flounder Include="res\shaders\fonts\font.vert" />
    <Flounder Include="res\shaders\guis\gui.frag" />
    <Flounder Include="res\shaders\guis\gui.vert" />
    <Flounder Include="res\shaders\particles\particle.frag" />
    <Flounder Include="res\shaders\particles\particle.vert" />
    <Flounder Include="res\shaders\shadows\shadow.frag" />
    <Flounder Include="res\shaders\shadows\shadow.vert" />
    <Flounder Include="res\shaders\skyboxes\skybox.frag" />
    <Flounder Include="res\shaders\skyboxes\skybox.vert" />
    <Flounder Include="res\shaders\terrains\terrain.frag" />
    <Flounder Include="res\shaders\terrains\terrain.vert" />
    <Flounder Include="res\shaders\tests\test.frag" />
    <Flounder Include="res\shaders\tests\test.vert" />
    <Flounder Include="res\shaders\waters\water.frag" />
    <Flounder Include="res\shaders\waters\water.vert" />
  </ItemGroup>
</Project>